{
  "format_version": "1.0",
  "provider_schemas": {
    "registry.terraform.io/supabase/supabase": {
      "provider": {
        "version": 0,
        "block": {
          "attributes": {
            "access_token": {
              "type": "string",
              "description": "Supabase access token. Can also be set via the `SUPABASE_ACCESS_TOKEN` environment variable. When both are specified, the provider configuration takes precedence over the environment variable. Generate a token from the [Supabase Dashboard](https://supabase.com/dashboard/account/tokens).",
              "description_kind": "markdown",
              "optional": true,
              "sensitive": true
            },
            "endpoint": {
              "type": "string",
              "description": "Supabase API endpoint. Can also be set via the `SUPABASE_API_ENDPOINT` environment variable. If neither is set, defaults to `https://api.supabase.com`. When both are specified, the provider configuration takes precedence over the environment variable.",
              "description_kind": "markdown",
              "optional": true
            }
          },
          "description_kind": "plain"
        }
      },
      "resource_schemas": {
        "supabase_apikey": {
          "version": 0,
          "block": {
            "attributes": {
              "api_key": {
                "type": "string",
                "description": "API key",
                "description_kind": "markdown",
                "computed": true,
                "sensitive": true
              },
              "description": {
                "type": "string",
                "description": "Description of the API key",
                "description_kind": "markdown",
                "optional": true
              },
              "id": {
                "type": "string",
                "description": "API key identifier",
                "description_kind": "markdown",
                "computed": true
              },
              "name": {
                "type": "string",
                "description": "Name of the API key",
                "description_kind": "markdown",
                "required": true
              },
              "project_ref": {
                "type": "string",
                "description": "Project reference ID",
                "description_kind": "markdown",
                "required": true
              },
              "secret_jwt_template": {
                "nested_type": {
                  "attributes": {
                    "role": {
                      "type": "string",
                      "description": "Role of the secret JWT template",
                      "description_kind": "markdown",
                      "computed": true
                    }
                  },
                  "nesting_mode": "single"
                },
                "description": "Secret JWT template",
                "description_kind": "markdown",
                "computed": true
              },
              "type": {
                "type": "string",
                "description": "Type of the API key",
                "description_kind": "markdown",
                "computed": true
              }
            },
            "description": "API Key resource",
            "description_kind": "markdown"
          }
        },
        "supabase_branch": {
          "version": 0,
          "block": {
            "attributes": {
              "database": {
                "nested_type": {
                  "attributes": {
                    "host": {
                      "type": "string",
                      "description": "Host",
                      "description_kind": "markdown",
                      "computed": true
                    },
                    "id": {
                      "type": "string",
                      "description": "Branch project ref",
                      "description_kind": "markdown",
                      "computed": true
                    },
                    "jwt_secret": {
                      "type": "string",
                      "description": "JWT secret",
                      "description_kind": "markdown",
                      "computed": true,
                      "sensitive": true
                    },
                    "password": {
                      "type": "string",
                      "description": "Password",
                      "description_kind": "markdown",
                      "computed": true,
                      "sensitive": true
                    },
                    "port": {
                      "type": "number",
                      "description": "Port",
                      "description_kind": "markdown",
                      "computed": true
                    },
                    "status": {
                      "type": "string",
                      "description": "Status",
                      "description_kind": "markdown",
                      "computed": true
                    },
                    "user": {
                      "type": "string",
                      "description": "User",
                      "description_kind": "markdown",
                      "computed": true
                    },
                    "version": {
                      "type": "string",
                      "description": "Postgres version",
                      "description_kind": "markdown",
                      "computed": true
                    }
                  },
                  "nesting_mode": "single"
                },
                "description": "Database connection details",
                "description_kind": "markdown",
                "computed": true
              },
              "git_branch": {
                "type": "string",
                "description": "Git branch",
                "description_kind": "markdown",
                "required": true
              },
              "id": {
                "type": "string",
                "description": "Branch identifier",
                "description_kind": "markdown",
                "computed": true
              },
              "parent_project_ref": {
                "type": "string",
                "description": "Parent project ref",
                "description_kind": "markdown",
                "required": true
              },
              "persistent": {
                "type": "bool",
                "description": "Branch persistency",
                "description_kind": "markdown",
                "optional": true,
                "computed": true
              },
              "region": {
                "type": "string",
                "description": "Database region",
                "description_kind": "markdown",
                "optional": true
              }
            },
            "description": "Branch database resource",
            "description_kind": "markdown"
          }
        },
        "supabase_edge_function": {
          "version": 0,
          "block": {
            "attributes": {
              "checksum": {
                "type": "string",
                "description": "SHA256 checksum of the deployed function bundle (remote)",
                "description_kind": "markdown",
                "computed": true
              },
              "created_at": {
                "type": "number",
                "description": "Timestamp when the function was created",
                "description_kind": "markdown",
                "computed": true
              },
              "entrypoint": {
                "type": "string",
                "description": "Path to the function entrypoint file",
                "description_kind": "markdown",
                "required": true
              },
              "id": {
                "type": "string",
                "description": "Function identifier",
                "description_kind": "markdown",
                "computed": true
              },
              "import_map": {
                "type": "string",
                "description": "Path to the import map file",
                "description_kind": "markdown",
                "optional": true
              },
              "local_checksum": {
                "type": "string",
                "description": "SHA256 checksum of local source files before upload",
                "description_kind": "markdown",
                "computed": true
              },
              "name": {
                "type": "string",
                "description": "Name of the function (defaults to slug if not specified)",
                "description_kind": "markdown",
                "optional": true,
                "computed": true
              },
              "project_ref": {
                "type": "string",
                "description": "Project ref",
                "description_kind": "markdown",
                "required": true
              },
              "slug": {
                "type": "string",
                "description": "URL-friendly identifier for the function",
                "description_kind": "markdown",
                "required": true
              },
              "static_files": {
                "type": [
                  "list",
                  "string"
                ],
                "description": "List of glob patterns for static files to include",
                "description_kind": "markdown",
                "optional": true
              },
              "status": {
                "type": "string",
                "description": "Function deployment status",
                "description_kind": "markdown",
                "computed": true
              },
              "updated_at": {
                "type": "number",
                "description": "Timestamp when the function was last updated",
                "description_kind": "markdown",
                "computed": true
              },
              "version": {
                "type": "number",
                "description": "Currently deployed function version",
                "description_kind": "markdown",
                "computed": true
              }
            },
            "description": "Edge Function resource",
            "description_kind": "markdown"
          }
        },
        "supabase_edge_function_secrets": {
          "version": 0,
          "block": {
            "attributes": {
              "id": {
                "type": "string",
                "description": "Project identifier",
                "description_kind": "markdown",
                "computed": true
              },
              "project_ref": {
                "type": "string",
                "description": "Project reference ID",
                "description_kind": "markdown",
                "required": true
              },
              "secret_digests": {
                "type": [
                  "map",
                  "string"
                ],
                "description": "Map of secret name to the SHA-256 hex digest of the secret value. Computed by the provider at plan time (when plaintext values are known) and updated after each apply. Used to detect drift when a secret has been changed outside of Terraform: if the digest returned by the API no longer matches the locally computed digest, the provider marks the affected secret value as null so Terraform will plan an update.",
                "description_kind": "markdown",
                "computed": true
              },
              "secrets": {
                "nested_type": {
                  "attributes": {
                    "name": {
                      "type": "string",
                      "description": "Name of the secret. Must not start with the `SUPABASE_` prefix — such names are reserved internally by Supabase, cannot be created, updated, or deleted via the API, and are automatically filtered out from reads and imports.",
                      "description_kind": "markdown",
                      "required": true
                    },
                    "value": {
                      "type": "string",
                      "description": "The plaintext secret value. Stored in Terraform state when managed by Terraform. After an import this field will be `null` because the Supabase API only returns SHA-256 digests — see the Import section below.",
                      "description_kind": "markdown",
                      "required": true,
                      "sensitive": true
                    }
                  },
                  "nesting_mode": "set"
                },
                "description": "Set of secrets for edge functions",
                "description_kind": "markdown",
                "required": true
              }
            },
            "description": "Edge function secrets resource - manages multiple secrets for edge functions",
            "description_kind": "markdown"
          }
        },
        "supabase_project": {
          "version": 0,
          "block": {
            "attributes": {
              "database_password": {
                "type": "string",
                "description": "Password for the project database. Exactly one of `database_password` or `database_password_wo` must be set. This value is persisted in Terraform state in plaintext; prefer `database_password_wo` to keep it out of state.",
                "description_kind": "markdown",
                "optional": true,
                "sensitive": true
              },
              "database_password_wo": {
                "type": "string",
                "description": "Write-only password for the project database, for example `ephemeral.random_password.db.result`. Exactly one of `database_password` or `database_password_wo` must be set. Unlike `database_password` this value is never persisted to Terraform state. Must be paired with `database_password_wo_version`, which is what triggers a rotation.",
                "description_kind": "markdown",
                "optional": true,
                "sensitive": true,
                "write_only": true
              },
              "database_password_wo_version": {
                "type": "number",
                "description": "Version counter for `database_password_wo`. Increment it to rotate the database password. A write-only value is absent from state, so this counter is what the provider compares to detect a rotation.",
                "description_kind": "markdown",
                "optional": true
              },
              "id": {
                "type": "string",
                "description": "Project identifier",
                "description_kind": "markdown",
                "computed": true
              },
              "instance_size": {
                "type": "string",
                "description": "Desired instance size of the project",
                "description_kind": "markdown",
                "optional": true,
                "computed": true
              },
              "legacy_api_keys_enabled": {
                "type": "bool",
                "description": "Controls whether `anon` and `service_role` JWT-based api keys should be enabled. Please note: these keys are no longer recommended ([more information here](https://supabase.com/docs/guides/api/api-keys#why-are-anon-and-servicerole-jwt-based-keys-no-longer-recommended)).",
                "description_kind": "markdown",
                "deprecated": true,
                "deprecation_message": "Deprecated. This field will be removed once the transition to publishable and secret keys is complete.",
                "optional": true,
                "computed": true
              },
              "name": {
                "type": "string",
                "description": "Name of the project",
                "description_kind": "markdown",
                "required": true
              },
              "organization_id": {
                "type": "string",
                "description": "Organization slug (found in the Supabase dashboard URL or organization settings)",
                "description_kind": "markdown",
                "required": true
              },
              "region": {
                "type": "string",
                "description": "Region where the project is located",
                "description_kind": "markdown",
                "required": true
              }
            },
            "block_types": {
              "timeouts": {
                "nesting_mode": "single",
                "block": {
                  "attributes": {
                    "create": {
                      "type": "string",
                      "description": "A string that can be [parsed as a duration](https://pkg.go.dev/time#ParseDuration) consisting of numbers and unit suffixes, such as \"30s\" or \"2h45m\". Valid time units are \"s\" (seconds), \"m\" (minutes), \"h\" (hours).",
                      "description_kind": "plain",
                      "optional": true
                    },
                    "update": {
                      "type": "string",
                      "description": "A string that can be [parsed as a duration](https://pkg.go.dev/time#ParseDuration) consisting of numbers and unit suffixes, such as \"30s\" or \"2h45m\". Valid time units are \"s\" (seconds), \"m\" (minutes), \"h\" (hours).",
                      "description_kind": "plain",
                      "optional": true
                    }
                  },
                  "description_kind": "plain"
                }
              }
            },
            "description": "Project resource",
            "description_kind": "markdown"
          }
        },
        "supabase_settings": {
          "version": 0,
          "block": {
            "attributes": {
              "api": {
                "type": "string",
                "description": "API settings as [serialised JSON](https://api.supabase.com/api/v1#/services/updatePostgRESTConfig)",
                "description_kind": "markdown",
                "optional": true
              },
              "auth": {
                "type": "string",
                "description": "Auth settings as [serialised JSON](https://api.supabase.com/api/v1#/projects%20config/updateV1AuthConfig).\n\n~> Several fields are returned as a hash by the API rather than plaintext. The provider preserves these fields from prior state, so out-of-band changes will not appear in `terraform plan`.\n\nAffected fields: `smtp_pass`, `sms_twilio_auth_token`, `sms_twilio_verify_auth_token`, `sms_messagebird_access_key`, `sms_textlocal_api_key`, `sms_vonage_api_secret`, `security_captcha_secret`, `external_apple_secret`, `external_azure_secret`, `external_bitbucket_secret`, `external_discord_secret`, `external_facebook_secret`, `external_figma_secret`, `external_github_secret`, `external_gitlab_secret`, `external_google_secret`, `external_kakao_secret`, `external_keycloak_secret`, `external_linkedin_oidc_secret`, `external_notion_secret`, `external_slack_oidc_secret`, `external_slack_secret`, `external_spotify_secret`, `external_twitch_secret`, `external_twitter_secret`, `external_workos_secret`, `external_x_secret`, `external_zoom_secret`, `hook_custom_access_token_secrets`, `hook_mfa_verification_attempt_secrets`, `hook_password_verification_attempt_secrets`, `hook_send_email_secrets`, `hook_send_sms_secrets`.",
                "description_kind": "markdown",
                "optional": true
              },
              "database": {
                "type": "string",
                "description": "Database settings as [serialised JSON](https://api.supabase.com/api/v1#/projects%20config/updateConfig)",
                "description_kind": "markdown",
                "optional": true
              },
              "id": {
                "type": "string",
                "description": "Project identifier",
                "description_kind": "markdown",
                "computed": true
              },
              "network": {
                "type": "string",
                "description": "Network settings as serialised JSON",
                "description_kind": "markdown",
                "optional": true
              },
              "pooler": {
                "type": "string",
                "description": "Pooler settings as serialised JSON",
                "description_kind": "markdown",
                "optional": true
              },
              "project_ref": {
                "type": "string",
                "description": "Project reference ID",
                "description_kind": "markdown",
                "required": true
              },
              "ssl_enforcement": {
                "type": "bool",
                "description": "Enforce SSL on all database connections. See the [SSL enforcement API](https://api.supabase.com/api/v1#tag/database/put/v1/projects/%7Bref%7D/ssl-enforcement).",
                "description_kind": "markdown",
                "optional": true
              },
              "storage": {
                "type": "string",
                "description": "Storage settings as serialised JSON",
                "description_kind": "markdown",
                "optional": true
              }
            },
            "block_types": {
              "timeouts": {
                "nesting_mode": "single",
                "block": {
                  "attributes": {
                    "create": {
                      "type": "string",
                      "description": "A string that can be [parsed as a duration](https://pkg.go.dev/time#ParseDuration) consisting of numbers and unit suffixes, such as \"30s\" or \"2h45m\". Valid time units are \"s\" (seconds), \"m\" (minutes), \"h\" (hours).",
                      "description_kind": "plain",
                      "optional": true
                    },
                    "update": {
                      "type": "string",
                      "description": "A string that can be [parsed as a duration](https://pkg.go.dev/time#ParseDuration) consisting of numbers and unit suffixes, such as \"30s\" or \"2h45m\". Valid time units are \"s\" (seconds), \"m\" (minutes), \"h\" (hours).",
                      "description_kind": "plain",
                      "optional": true
                    }
                  },
                  "description_kind": "plain"
                }
              }
            },
            "description": "Settings resource",
            "description_kind": "markdown"
          }
        },
        "supabase_third_party_auth": {
          "version": 0,
          "block": {
            "attributes": {
              "custom_jwks": {
                "type": "string",
                "description": "Custom public JWKS as serialised JSON. Exactly one of `oidc_issuer_url`, `jwks_url`, or `custom_jwks` must be configured. This field follows Terraform provider industry practice for public verification keys and is not marked sensitive; do not include private or symmetric JWK material.",
                "description_kind": "markdown",
                "optional": true
              },
              "id": {
                "type": "string",
                "description": "Third-party auth integration identifier",
                "description_kind": "markdown",
                "computed": true
              },
              "inserted_at": {
                "type": "string",
                "description": "Timestamp when the integration was created",
                "description_kind": "markdown",
                "computed": true
              },
              "jwks_url": {
                "type": "string",
                "description": "JWKS URL. Exactly one of `oidc_issuer_url`, `jwks_url`, or `custom_jwks` must be configured.",
                "description_kind": "markdown",
                "optional": true
              },
              "oidc_issuer_url": {
                "type": "string",
                "description": "OIDC issuer URL. Exactly one of `oidc_issuer_url`, `jwks_url`, or `custom_jwks` must be configured.",
                "description_kind": "markdown",
                "optional": true
              },
              "project_ref": {
                "type": "string",
                "description": "Project reference ID",
                "description_kind": "markdown",
                "required": true
              },
              "resolved_at": {
                "type": "string",
                "description": "Timestamp when JWKS was last resolved",
                "description_kind": "markdown",
                "computed": true
              },
              "resolved_jwks": {
                "type": "string",
                "description": "Resolved JWKS as serialised JSON",
                "description_kind": "markdown",
                "computed": true
              },
              "type": {
                "type": "string",
                "description": "Third-party auth integration type",
                "description_kind": "markdown",
                "computed": true
              },
              "updated_at": {
                "type": "string",
                "description": "Timestamp when the integration was last updated",
                "description_kind": "markdown",
                "computed": true
              }
            },
            "block_types": {
              "timeouts": {
                "nesting_mode": "single",
                "block": {
                  "attributes": {
                    "create": {
                      "type": "string",
                      "description": "A string that can be [parsed as a duration](https://pkg.go.dev/time#ParseDuration) consisting of numbers and unit suffixes, such as \"30s\" or \"2h45m\". Valid time units are \"s\" (seconds), \"m\" (minutes), \"h\" (hours).",
                      "description_kind": "plain",
                      "optional": true
                    }
                  },
                  "description_kind": "plain"
                }
              }
            },
            "description": "Third-party auth resource",
            "description_kind": "markdown"
          }
        }
      },
      "data_source_schemas": {
        "supabase_apikeys": {
          "version": 0,
          "block": {
            "attributes": {
              "anon_key": {
                "type": "string",
                "description": "Anonymous API key for the project",
                "description_kind": "markdown",
                "computed": true,
                "sensitive": true
              },
              "project_ref": {
                "type": "string",
                "description": "Project reference ID",
                "description_kind": "markdown",
                "required": true
              },
              "publishable_key": {
                "type": "string",
                "description": "Publishable API key for the project",
                "description_kind": "markdown",
                "computed": true,
                "sensitive": true
              },
              "secret_keys": {
                "nested_type": {
                  "attributes": {
                    "api_key": {
                      "type": "string",
                      "description": "The secret API key value",
                      "description_kind": "markdown",
                      "computed": true,
                      "sensitive": true
                    },
                    "name": {
                      "type": "string",
                      "description": "Name of the secret key",
                      "description_kind": "markdown",
                      "computed": true
                    }
                  },
                  "nesting_mode": "list"
                },
                "description": "List of secret API keys for the project",
                "description_kind": "markdown",
                "computed": true,
                "sensitive": true
              },
              "service_role_key": {
                "type": "string",
                "description": "Service role API key for the project",
                "description_kind": "markdown",
                "computed": true,
                "sensitive": true
              }
            },
            "description": "API Keys data source",
            "description_kind": "markdown"
          }
        },
        "supabase_branch": {
          "version": 0,
          "block": {
            "attributes": {
              "branches": {
                "nested_type": {
                  "attributes": {
                    "git_branch": {
                      "type": "string",
                      "description": "Git branch",
                      "description_kind": "markdown",
                      "computed": true
                    },
                    "id": {
                      "type": "string",
                      "description": "Branch identifier",
                      "description_kind": "markdown",
                      "computed": true
                    },
                    "project_ref": {
                      "type": "string",
                      "description": "Branch project ref",
                      "description_kind": "markdown",
                      "computed": true
                    }
                  },
                  "nesting_mode": "set"
                },
                "description": "Branch databases",
                "description_kind": "markdown",
                "computed": true
              },
              "parent_project_ref": {
                "type": "string",
                "description": "Parent project ref",
                "description_kind": "markdown",
                "required": true
              }
            },
            "description": "Branch data source",
            "description_kind": "markdown"
          }
        },
        "supabase_network_bans": {
          "version": 0,
          "block": {
            "attributes": {
              "banned_ipv4_addresses": {
                "type": [
                  "set",
                  "string"
                ],
                "description": "List of banned IPv4 addresses",
                "description_kind": "markdown",
                "computed": true
              },
              "project_ref": {
                "type": "string",
                "description": "Project reference ID",
                "description_kind": "markdown",
                "required": true
              }
            },
            "description": "Network bans data source",
            "description_kind": "markdown"
          }
        },
        "supabase_pooler": {
          "version": 0,
          "block": {
            "attributes": {
              "project_ref": {
                "type": "string",
                "description": "Project ref",
                "description_kind": "markdown",
                "required": true
              },
              "url": {
                "type": [
                  "map",
                  "string"
                ],
                "description": "Map of pooler mode to connection string",
                "description_kind": "markdown",
                "computed": true
              }
            },
            "description": "Pooler data source",
            "description_kind": "markdown"
          }
        }
      }
    }
  }
}
