{
  "format_version": "1.0",
  "provider_schemas": {
    "registry.terraform.io/supabase/supabase": {
      "provider": {
        "version": 0,
        "block": {
          "attributes": {
            "access_token": {
              "type": "string",
              "description": "Supabase access token",
              "description_kind": "markdown",
              "optional": true,
              "sensitive": true
            },
            "endpoint": {
              "type": "string",
              "description": "Supabase API endpoint",
              "description_kind": "markdown",
              "optional": true
            }
          },
          "description_kind": "plain"
        }
      },
      "resource_schemas": {
        "supabase_branch": {
          "version": 0,
          "block": {
            "attributes": {
              "database": {
                "nested_type": {
                  "attributes": {
                    "host": {
                      "type": "string",
                      "description": "Host",
                      "description_kind": "markdown",
                      "computed": true
                    },
                    "id": {
                      "type": "string",
                      "description": "Branch project ref",
                      "description_kind": "markdown",
                      "computed": true
                    },
                    "jwt_secret": {
                      "type": "string",
                      "description": "JWT secret",
                      "description_kind": "markdown",
                      "computed": true,
                      "sensitive": true
                    },
                    "password": {
                      "type": "string",
                      "description": "Password",
                      "description_kind": "markdown",
                      "computed": true,
                      "sensitive": true
                    },
                    "port": {
                      "type": "number",
                      "description": "Port",
                      "description_kind": "markdown",
                      "computed": true
                    },
                    "status": {
                      "type": "string",
                      "description": "Status",
                      "description_kind": "markdown",
                      "computed": true
                    },
                    "user": {
                      "type": "string",
                      "description": "User",
                      "description_kind": "markdown",
                      "computed": true
                    },
                    "version": {
                      "type": "string",
                      "description": "Postgres version",
                      "description_kind": "markdown",
                      "computed": true
                    }
                  },
                  "nesting_mode": "single"
                },
                "description": "Database connection details",
                "description_kind": "markdown",
                "computed": true
              },
              "git_branch": {
                "type": "string",
                "description": "Git branch",
                "description_kind": "markdown",
                "required": true
              },
              "id": {
                "type": "string",
                "description": "Branch identifier",
                "description_kind": "markdown",
                "computed": true
              },
              "parent_project_ref": {
                "type": "string",
                "description": "Parent project ref",
                "description_kind": "markdown",
                "required": true
              },
              "region": {
                "type": "string",
                "description": "Database region",
                "description_kind": "markdown",
                "optional": true
              }
            },
            "description": "Branch database resource",
            "description_kind": "markdown"
          }
        },
        "supabase_project": {
          "version": 0,
          "block": {
            "attributes": {
              "database_password": {
                "type": "string",
                "description": "Password for the project database",
                "description_kind": "markdown",
                "required": true,
                "sensitive": true
              },
              "id": {
                "type": "string",
                "description": "Project identifier",
                "description_kind": "markdown",
                "computed": true
              },
              "instance_size": {
                "type": "string",
                "description": "Desired instance size of the project",
                "description_kind": "markdown",
                "optional": true
              },
              "name": {
                "type": "string",
                "description": "Name of the project",
                "description_kind": "markdown",
                "required": true
              },
              "organization_id": {
                "type": "string",
                "description": "Reference to the organization",
                "description_kind": "markdown",
                "required": true
              },
              "region": {
                "type": "string",
                "description": "Region where the project is located",
                "description_kind": "markdown",
                "required": true
              }
            },
            "description": "Project resource",
            "description_kind": "markdown"
          }
        },
        "supabase_settings": {
          "version": 0,
          "block": {
            "attributes": {
              "api": {
                "type": "string",
                "description": "API settings as [serialised JSON](https://api.supabase.com/api/v1#/services/updatePostgRESTConfig)",
                "description_kind": "markdown",
                "optional": true
              },
              "auth": {
                "type": "string",
                "description": "Auth settings as [serialised JSON](https://api.supabase.com/api/v1#/projects%20config/updateV1AuthConfig)",
                "description_kind": "markdown",
                "optional": true
              },
              "database": {
                "type": "string",
                "description": "Database settings as [serialised JSON](https://api.supabase.com/api/v1#/projects%20config/updateConfig)",
                "description_kind": "markdown",
                "optional": true
              },
              "id": {
                "type": "string",
                "description": "Project identifier",
                "description_kind": "markdown",
                "computed": true
              },
              "network": {
                "type": "string",
                "description": "Network settings as serialised JSON",
                "description_kind": "markdown",
                "optional": true
              },
              "pooler": {
                "type": "string",
                "description": "Pooler settings as serialised JSON",
                "description_kind": "markdown",
                "optional": true
              },
              "project_ref": {
                "type": "string",
                "description": "Project reference ID",
                "description_kind": "markdown",
                "required": true
              },
              "storage": {
                "type": "string",
                "description": "Storage settings as serialised JSON",
                "description_kind": "markdown",
                "optional": true
              }
            },
            "description": "Settings resource",
            "description_kind": "markdown"
          }
        }
      },
      "data_source_schemas": {
        "supabase_branch": {
          "version": 0,
          "block": {
            "attributes": {
              "branches": {
                "nested_type": {
                  "attributes": {
                    "git_branch": {
                      "type": "string",
                      "description": "Git branch",
                      "description_kind": "markdown",
                      "computed": true
                    },
                    "id": {
                      "type": "string",
                      "description": "Branch identifier",
                      "description_kind": "markdown",
                      "computed": true
                    },
                    "project_ref": {
                      "type": "string",
                      "description": "Branch project ref",
                      "description_kind": "markdown",
                      "computed": true
                    }
                  },
                  "nesting_mode": "set"
                },
                "description": "Branch databases",
                "description_kind": "markdown",
                "computed": true
              },
              "parent_project_ref": {
                "type": "string",
                "description": "Parent project ref",
                "description_kind": "markdown",
                "required": true
              }
            },
            "description": "Branch data source",
            "description_kind": "markdown"
          }
        },
        "supabase_pooler": {
          "version": 0,
          "block": {
            "attributes": {
              "project_ref": {
                "type": "string",
                "description": "Project ref",
                "description_kind": "markdown",
                "required": true
              },
              "url": {
                "type": [
                  "map",
                  "string"
                ],
                "description": "Map of pooler mode to connection string",
                "description_kind": "markdown",
                "computed": true
              }
            },
            "description": "Pooler data source",
            "description_kind": "markdown"
          }
        },
        "supabase_project_apikeys": {
          "version": 0,
          "block": {
            "attributes": {
              "anon_key": {
                "type": "string",
                "description": "Anonymous API key for the project",
                "description_kind": "markdown",
                "computed": true,
                "sensitive": true
              },
              "project_id": {
                "type": "string",
                "description": "Project identifier",
                "description_kind": "markdown",
                "required": true
              },
              "service_role_key": {
                "type": "string",
                "description": "Service role API key for the project",
                "description_kind": "markdown",
                "computed": true,
                "sensitive": true
              }
            },
            "description": "Project API Keys data source",
            "description_kind": "markdown"
          }
        }
      }
    }
  }
}
